
Microsoft Visual Studio Solution File, Format Version 12.00
# Visual Studio Version 17
VisualStudioVersion = 17.9.34902.65
MinimumVisualStudioVersion = 10.0.40219.1
Project("{9A19103F-16F7-4668-BE54-9A1E7A4F7556}") = "A- Singleton", "A- Singleton\A- Singleton.csproj", "{CFE720AB-E32E-432E-A0CA-C54D95BEA6D9}"
EndProject
Project("{9A19103F-16F7-4668-BE54-9A1E7A4F7556}") = "B- Builder", "B- Builder\B- Builder.csproj", "{5D0EEB69-8FA8-489B-A919-A3343EE0A169}"
EndProject
Project("{9A19103F-16F7-4668-BE54-9A1E7A4F7556}") = "C- Abstract Factory", "C- Abstract Factory\C- Abstract Factory.csproj", "{59C88528-690A-4230-949C-75837DC7745E}"
EndProject
Project("{9A19103F-16F7-4668-BE54-9A1E7A4F7556}") = "D- Factory", "D- Factory\D- Factory.csproj", "{AB821FC5-93E0-45A6-AEFA-034815913B5F}"
EndProject
Project("{FAE04EC0-301F-11D3-BF4B-00C04F79EFBC}") = "E- Prototype", "E- Prototype\E- Prototype.csproj", "{9686D104-8D54-4F39-9E5E-336A11451CEC}"
EndProject
Global
	GlobalSection(SolutionConfigurationPlatforms) = preSolution
		Debug|Any CPU = Debug|Any CPU
		Release|Any CPU = Release|Any CPU
	EndGlobalSection
	GlobalSection(ProjectConfigurationPlatforms) = postSolution
		{CFE720AB-E32E-432E-A0CA-C54D95BEA6D9}.Debug|Any CPU.ActiveCfg = Debug|Any CPU
		{CFE720AB-E32E-432E-A0CA-C54D95BEA6D9}.Debug|Any CPU.Build.0 = Debug|Any CPU
		{CFE720AB-E32E-432E-A0CA-C54D95BEA6D9}.Release|Any CPU.ActiveCfg = Release|Any CPU
		{CFE720AB-E32E-432E-A0CA-C54D95BEA6D9}.Release|Any CPU.Build.0 = Release|Any CPU
		{5D0EEB69-8FA8-489B-A919-A3343EE0A169}.Debug|Any CPU.ActiveCfg = Debug|Any CPU
		{5D0EEB69-8FA8-489B-A919-A3343EE0A169}.Debug|Any CPU.Build.0 = Debug|Any CPU
		{5D0EEB69-8FA8-489B-A919-A3343EE0A169}.Release|Any CPU.ActiveCfg = Release|Any CPU
		{5D0EEB69-8FA8-489B-A919-A3343EE0A169}.Release|Any CPU.Build.0 = Release|Any CPU
		{59C88528-690A-4230-949C-75837DC7745E}.Debug|Any CPU.ActiveCfg = Debug|Any CPU
		{59C88528-690A-4230-949C-75837DC7745E}.Debug|Any CPU.Build.0 = Debug|Any CPU
		{59C88528-690A-4230-949C-75837DC7745E}.Release|Any CPU.ActiveCfg = Release|Any CPU
		{59C88528-690A-4230-949C-75837DC7745E}.Release|Any CPU.Build.0 = Release|Any CPU
		{AB821FC5-93E0-45A6-AEFA-034815913B5F}.Debug|Any CPU.ActiveCfg = Debug|Any CPU
		{AB821FC5-93E0-45A6-AEFA-034815913B5F}.Debug|Any CPU.Build.0 = Debug|Any CPU
		{AB821FC5-93E0-45A6-AEFA-034815913B5F}.Release|Any CPU.ActiveCfg = Release|Any CPU
		{AB821FC5-93E0-45A6-AEFA-034815913B5F}.Release|Any CPU.Build.0 = Release|Any CPU
		{9686D104-8D54-4F39-9E5E-336A11451CEC}.Debug|Any CPU.ActiveCfg = Debug|Any CPU
		{9686D104-8D54-4F39-9E5E-336A11451CEC}.Debug|Any CPU.Build.0 = Debug|Any CPU
		{9686D104-8D54-4F39-9E5E-336A11451CEC}.Release|Any CPU.ActiveCfg = Release|Any CPU
		{9686D104-8D54-4F39-9E5E-336A11451CEC}.Release|Any CPU.Build.0 = Release|Any CPU
	EndGlobalSection
	GlobalSection(SolutionProperties) = preSolution
		HideSolutionNode = FALSE
	EndGlobalSection
	GlobalSection(ExtensibilityGlobals) = postSolution
		SolutionGuid = {94687AFC-1659-431D-9736-022CB253C0DF}
	EndGlobalSection
EndGlobal
