
Microsoft Visual Studio Solution File, Format Version 12.00
# Visual Studio Version 17
VisualStudioVersion = 17.9.34902.65
MinimumVisualStudioVersion = 10.0.40219.1
Project("{9A19103F-16F7-4668-BE54-9A1E7A4F7556}") = "A- Singleton", "A- Singleton\A- Singleton.csproj", "{CFE720AB-E32E-432E-A0CA-C54D95BEA6D9}"
EndProject
Project("{9A19103F-16F7-4668-BE54-9A1E7A4F7556}") = "B- Builder", "B- Builder\B- Builder.csproj", "{5D0EEB69-8FA8-489B-A919-A3343EE0A169}"
EndProject
Project("{9A19103F-16F7-4668-BE54-9A1E7A4F7556}") = "C- Abstract Factory", "C- Abstract Factory\C- Abstract Factory.csproj", "{59C88528-690A-4230-949C-75837DC7745E}"
EndProject
Project("{9A19103F-16F7-4668-BE54-9A1E7A4F7556}") = "D- Factory", "D- Factory\D- Factory.csproj", "{AB821FC5-93E0-45A6-AEFA-034815913B5F}"
EndProject
Project("{9A19103F-16F7-4668-BE54-9A1E7A4F7556}") = "E- Prototype", "E- Prototype\E- Prototype.csproj", "{9686D104-8D54-4F39-9E5E-336A11451CEC}"
EndProject
Project("{9A19103F-16F7-4668-BE54-9A1E7A4F7556}") = "F- Adapter", "F- Adapter\F- Adapter.csproj", "{9403A1EA-7565-422E-BE4B-B77B79C74DFB}"
EndProject
Project("{9A19103F-16F7-4668-BE54-9A1E7A4F7556}") = "G- Decorator", "G- Decorator\G- Decorator.csproj", "{FFA78A3E-9F6B-4128-915B-75E536D8B96B}"
EndProject
Project("{9A19103F-16F7-4668-BE54-9A1E7A4F7556}") = "H-Facade", "H-Facade\H-Facade.csproj", "{B75C81FB-76EA-43AB-B837-DB958B226EFB}"
EndProject
Project("{9A19103F-16F7-4668-BE54-9A1E7A4F7556}") = "I- Strategy", "I- Strategy\I- Strategy.csproj", "{0C296332-FCF3-496E-82D9-6986C10056EB}"
EndProject
Project("{9A19103F-16F7-4668-BE54-9A1E7A4F7556}") = "J- Template", "J- Template\J- Template.csproj", "{727FEBE9-C4A8-4E07-836B-48BEBAF37825}"
EndProject
Project("{9A19103F-16F7-4668-BE54-9A1E7A4F7556}") = "K- Iterator", "K- Iterator\K- Iterator.csproj", "{87A14035-AB44-4253-85D5-E6F0FBD64DA3}"
EndProject
Project("{FAE04EC0-301F-11D3-BF4B-00C04F79EFBC}") = "L- Command", "L- Command\L- Command.csproj", "{A03AA28B-3090-425B-B8F4-1EA13D361412}"
EndProject
Global
	GlobalSection(SolutionConfigurationPlatforms) = preSolution
		Debug|Any CPU = Debug|Any CPU
		Release|Any CPU = Release|Any CPU
	EndGlobalSection
	GlobalSection(ProjectConfigurationPlatforms) = postSolution
		{CFE720AB-E32E-432E-A0CA-C54D95BEA6D9}.Debug|Any CPU.ActiveCfg = Debug|Any CPU
		{CFE720AB-E32E-432E-A0CA-C54D95BEA6D9}.Debug|Any CPU.Build.0 = Debug|Any CPU
		{CFE720AB-E32E-432E-A0CA-C54D95BEA6D9}.Release|Any CPU.ActiveCfg = Release|Any CPU
		{CFE720AB-E32E-432E-A0CA-C54D95BEA6D9}.Release|Any CPU.Build.0 = Release|Any CPU
		{5D0EEB69-8FA8-489B-A919-A3343EE0A169}.Debug|Any CPU.ActiveCfg = Debug|Any CPU
		{5D0EEB69-8FA8-489B-A919-A3343EE0A169}.Debug|Any CPU.Build.0 = Debug|Any CPU
		{5D0EEB69-8FA8-489B-A919-A3343EE0A169}.Release|Any CPU.ActiveCfg = Release|Any CPU
		{5D0EEB69-8FA8-489B-A919-A3343EE0A169}.Release|Any CPU.Build.0 = Release|Any CPU
		{59C88528-690A-4230-949C-75837DC7745E}.Debug|Any CPU.ActiveCfg = Debug|Any CPU
		{59C88528-690A-4230-949C-75837DC7745E}.Debug|Any CPU.Build.0 = Debug|Any CPU
		{59C88528-690A-4230-949C-75837DC7745E}.Release|Any CPU.ActiveCfg = Release|Any CPU
		{59C88528-690A-4230-949C-75837DC7745E}.Release|Any CPU.Build.0 = Release|Any CPU
		{AB821FC5-93E0-45A6-AEFA-034815913B5F}.Debug|Any CPU.ActiveCfg = Debug|Any CPU
		{AB821FC5-93E0-45A6-AEFA-034815913B5F}.Debug|Any CPU.Build.0 = Debug|Any CPU
		{AB821FC5-93E0-45A6-AEFA-034815913B5F}.Release|Any CPU.ActiveCfg = Release|Any CPU
		{AB821FC5-93E0-45A6-AEFA-034815913B5F}.Release|Any CPU.Build.0 = Release|Any CPU
		{9686D104-8D54-4F39-9E5E-336A11451CEC}.Debug|Any CPU.ActiveCfg = Debug|Any CPU
		{9686D104-8D54-4F39-9E5E-336A11451CEC}.Debug|Any CPU.Build.0 = Debug|Any CPU
		{9686D104-8D54-4F39-9E5E-336A11451CEC}.Release|Any CPU.ActiveCfg = Release|Any CPU
		{9686D104-8D54-4F39-9E5E-336A11451CEC}.Release|Any CPU.Build.0 = Release|Any CPU
		{9403A1EA-7565-422E-BE4B-B77B79C74DFB}.Debug|Any CPU.ActiveCfg = Debug|Any CPU
		{9403A1EA-7565-422E-BE4B-B77B79C74DFB}.Debug|Any CPU.Build.0 = Debug|Any CPU
		{9403A1EA-7565-422E-BE4B-B77B79C74DFB}.Release|Any CPU.ActiveCfg = Release|Any CPU
		{9403A1EA-7565-422E-BE4B-B77B79C74DFB}.Release|Any CPU.Build.0 = Release|Any CPU
		{FFA78A3E-9F6B-4128-915B-75E536D8B96B}.Debug|Any CPU.ActiveCfg = Debug|Any CPU
		{FFA78A3E-9F6B-4128-915B-75E536D8B96B}.Debug|Any CPU.Build.0 = Debug|Any CPU
		{FFA78A3E-9F6B-4128-915B-75E536D8B96B}.Release|Any CPU.ActiveCfg = Release|Any CPU
		{FFA78A3E-9F6B-4128-915B-75E536D8B96B}.Release|Any CPU.Build.0 = Release|Any CPU
		{B75C81FB-76EA-43AB-B837-DB958B226EFB}.Debug|Any CPU.ActiveCfg = Debug|Any CPU
		{B75C81FB-76EA-43AB-B837-DB958B226EFB}.Debug|Any CPU.Build.0 = Debug|Any CPU
		{B75C81FB-76EA-43AB-B837-DB958B226EFB}.Release|Any CPU.ActiveCfg = Release|Any CPU
		{B75C81FB-76EA-43AB-B837-DB958B226EFB}.Release|Any CPU.Build.0 = Release|Any CPU
		{0C296332-FCF3-496E-82D9-6986C10056EB}.Debug|Any CPU.ActiveCfg = Debug|Any CPU
		{0C296332-FCF3-496E-82D9-6986C10056EB}.Debug|Any CPU.Build.0 = Debug|Any CPU
		{0C296332-FCF3-496E-82D9-6986C10056EB}.Release|Any CPU.ActiveCfg = Release|Any CPU
		{0C296332-FCF3-496E-82D9-6986C10056EB}.Release|Any CPU.Build.0 = Release|Any CPU
		{727FEBE9-C4A8-4E07-836B-48BEBAF37825}.Debug|Any CPU.ActiveCfg = Debug|Any CPU
		{727FEBE9-C4A8-4E07-836B-48BEBAF37825}.Debug|Any CPU.Build.0 = Debug|Any CPU
		{727FEBE9-C4A8-4E07-836B-48BEBAF37825}.Release|Any CPU.ActiveCfg = Release|Any CPU
		{727FEBE9-C4A8-4E07-836B-48BEBAF37825}.Release|Any CPU.Build.0 = Release|Any CPU
		{87A14035-AB44-4253-85D5-E6F0FBD64DA3}.Debug|Any CPU.ActiveCfg = Debug|Any CPU
		{87A14035-AB44-4253-85D5-E6F0FBD64DA3}.Debug|Any CPU.Build.0 = Debug|Any CPU
		{87A14035-AB44-4253-85D5-E6F0FBD64DA3}.Release|Any CPU.ActiveCfg = Release|Any CPU
		{87A14035-AB44-4253-85D5-E6F0FBD64DA3}.Release|Any CPU.Build.0 = Release|Any CPU
		{A03AA28B-3090-425B-B8F4-1EA13D361412}.Debug|Any CPU.ActiveCfg = Debug|Any CPU
		{A03AA28B-3090-425B-B8F4-1EA13D361412}.Debug|Any CPU.Build.0 = Debug|Any CPU
		{A03AA28B-3090-425B-B8F4-1EA13D361412}.Release|Any CPU.ActiveCfg = Release|Any CPU
		{A03AA28B-3090-425B-B8F4-1EA13D361412}.Release|Any CPU.Build.0 = Release|Any CPU
	EndGlobalSection
	GlobalSection(SolutionProperties) = preSolution
		HideSolutionNode = FALSE
	EndGlobalSection
	GlobalSection(ExtensibilityGlobals) = postSolution
		SolutionGuid = {94687AFC-1659-431D-9736-022CB253C0DF}
	EndGlobalSection
EndGlobal
